
Microsoft Visual Studio Solution File, Format Version 12.00
# Visual Studio Version 16
VisualStudioVersion = 16.0.29613.14
MinimumVisualStudioVersion = 10.0.40219.1
Project("{FAE04EC0-301F-11D3-BF4B-00C04F79EFBC}") = "Edikate.PayrollManager.Host", "Edikate.PayrollManager.Host\Edikate.PayrollManager.Host.csproj", "{43992693-E4FE-472A-8028-E1DA16CC189F}"
EndProject
Project("{FAE04EC0-301F-11D3-BF4B-00C04F79EFBC}") = "Edikate.PayrollManager.App", "Edikate.PayrollManager.App\Edikate.PayrollManager.App.csproj", "{17AE9915-6782-485A-94B2-2D96DB5E2A79}"
EndProject
Global
	GlobalSection(SolutionConfigurationPlatforms) = preSolution
		Debug|Any CPU = Debug|Any CPU
		Release|Any CPU = Release|Any CPU
	EndGlobalSection
	GlobalSection(ProjectConfigurationPlatforms) = postSolution
		{43992693-E4FE-472A-8028-E1DA16CC189F}.Debug|Any CPU.ActiveCfg = Debug|Any CPU
		{43992693-E4FE-472A-8028-E1DA16CC189F}.Debug|Any CPU.Build.0 = Debug|Any CPU
		{43992693-E4FE-472A-8028-E1DA16CC189F}.Release|Any CPU.ActiveCfg = Release|Any CPU
		{43992693-E4FE-472A-8028-E1DA16CC189F}.Release|Any CPU.Build.0 = Release|Any CPU
		{17AE9915-6782-485A-94B2-2D96DB5E2A79}.Debug|Any CPU.ActiveCfg = Debug|Any CPU
		{17AE9915-6782-485A-94B2-2D96DB5E2A79}.Debug|Any CPU.Build.0 = Debug|Any CPU
		{17AE9915-6782-485A-94B2-2D96DB5E2A79}.Release|Any CPU.ActiveCfg = Release|Any CPU
		{17AE9915-6782-485A-94B2-2D96DB5E2A79}.Release|Any CPU.Build.0 = Release|Any CPU
	EndGlobalSection
	GlobalSection(SolutionProperties) = preSolution
		HideSolutionNode = FALSE
	EndGlobalSection
	GlobalSection(ExtensibilityGlobals) = postSolution
		SolutionGuid = {0656964E-6DEA-4D4B-AFBE-E122CFD4BE08}
	EndGlobalSection
EndGlobal
